
Microsoft Visual Studio Solution File, Format Version 12.00
# Visual Studio Version 17
VisualStudioVersion = 17.0.32112.339
MinimumVisualStudioVersion = 10.0.40219.1
Project("{2150E333-8FDC-42A3-9474-1A3956D46DE8}") = "TestApi", "TestApi", "{49D929EF-AC15-41CC-B031-B1E070627C7A}"
EndProject
Project("{9A19103F-16F7-4668-BE54-9A1E7A4F7556}") = "TestApi", "src\TestApi\TestApi\TestApi.csproj", "{4AAFCC0A-9927-43BB-A70F-A000BF9F5A5B}"
EndProject
Project("{2150E333-8FDC-42A3-9474-1A3956D46DE8}") = "TestUserService", "TestUserService", "{44A08C4C-AE1E-408F-B6C0-AC7689414D5D}"
EndProject
Project("{9A19103F-16F7-4668-BE54-9A1E7A4F7556}") = "TestUserService", "src\TestUserService\TestUserService\TestUserService.csproj", "{32ECB7B4-6AB9-4B65-8781-9712C9C485FA}"
EndProject
Project("{2150E333-8FDC-42A3-9474-1A3956D46DE8}") = "Solution Items", "Solution Items", "{86AD5512-F5A9-4A29-A829-CBDDC2B95692}"
	ProjectSection(SolutionItems) = preProject
		.editorconfig = .editorconfig
	EndProjectSection
EndProject
Project("{9A19103F-16F7-4668-BE54-9A1E7A4F7556}") = "TestUserService.Sdk", "src\TestUserService\TestUserService.Sdk\TestUserService.Sdk.csproj", "{B9DFF54B-B313-4CBA-9FE7-6C478D0E9362}"
EndProject
Project("{2150E333-8FDC-42A3-9474-1A3956D46DE8}") = "TestTodoService", "TestTodoService", "{7F7D55D8-EDA3-49BF-B520-E00A99A306EE}"
EndProject
Project("{9A19103F-16F7-4668-BE54-9A1E7A4F7556}") = "TestTodoService", "src\TestTodoService\TestTodoService\TestTodoService.csproj", "{DFB9A877-D7DD-447A-8B43-612EC9055EB1}"
EndProject
Project("{9A19103F-16F7-4668-BE54-9A1E7A4F7556}") = "TestTodoService.Sdk", "src\TestTodoService\TestTodoService.Sdk\TestTodoService.Sdk.csproj", "{23BC5F8B-449C-48D5-B442-781FF5AD0895}"
EndProject
Project("{2150E333-8FDC-42A3-9474-1A3956D46DE8}") = "CommunicationApi", "CommunicationApi", "{6B6BC1A8-6323-46F9-8D20-35814B19BA6E}"
EndProject
Project("{9A19103F-16F7-4668-BE54-9A1E7A4F7556}") = "CommunicationApi", "CommunicationApi\CommunicationApi.csproj", "{BD620F18-F0B6-41C4-8A29-D64271DBB2CB}"
EndProject
Project("{9A19103F-16F7-4668-BE54-9A1E7A4F7556}") = "TestPackages.MassTransit", "SharedLibrary\TestPackages.MassTransit\TestPackages.MassTransit.csproj", "{666056D7-D28B-4F80-9361-2E2C98E8DC15}"
EndProject
Project("{9A19103F-16F7-4668-BE54-9A1E7A4F7556}") = "TestPackages.MassTransit.RabbitMq", "SharedLibrary\TestPackages.MassTransit.RabbitMq\TestPackages.MassTransit.RabbitMq.csproj", "{7DF9C8F8-85ED-4878-AB06-23CA5D38823A}"
EndProject
Project("{9A19103F-16F7-4668-BE54-9A1E7A4F7556}") = "TestPackages.Messages", "SharedLibrary\TestPackages.Messages\TestPackages.Messages.csproj", "{97E063A4-3E1C-420D-AA93-518B1341D8D2}"
EndProject
Project("{9A19103F-16F7-4668-BE54-9A1E7A4F7556}") = "TestPackages.Refit", "SharedLibrary\TestPackages.Refit\TestPackages.Refit.csproj", "{B951FF08-7680-4119-A515-A8B30710EB7D}"
EndProject
Project("{9A19103F-16F7-4668-BE54-9A1E7A4F7556}") = "TestPackages.Utils", "SharedLibrary\TestPackages.Utils\TestPackages.Utils.csproj", "{B33E88AF-0064-4CA5-B079-4F2AF3B46E48}"
EndProject
Project("{2150E333-8FDC-42A3-9474-1A3956D46DE8}") = "SharedLibrary", "SharedLibrary", "{E68E4315-7458-4D06-8568-BA9D5D188030}"
EndProject
Global
	GlobalSection(SolutionConfigurationPlatforms) = preSolution
		Debug|Any CPU = Debug|Any CPU
		Release|Any CPU = Release|Any CPU
	EndGlobalSection
	GlobalSection(ProjectConfigurationPlatforms) = postSolution
		{4AAFCC0A-9927-43BB-A70F-A000BF9F5A5B}.Debug|Any CPU.ActiveCfg = Debug|Any CPU
		{4AAFCC0A-9927-43BB-A70F-A000BF9F5A5B}.Debug|Any CPU.Build.0 = Debug|Any CPU
		{4AAFCC0A-9927-43BB-A70F-A000BF9F5A5B}.Release|Any CPU.ActiveCfg = Release|Any CPU
		{4AAFCC0A-9927-43BB-A70F-A000BF9F5A5B}.Release|Any CPU.Build.0 = Release|Any CPU
		{32ECB7B4-6AB9-4B65-8781-9712C9C485FA}.Debug|Any CPU.ActiveCfg = Debug|Any CPU
		{32ECB7B4-6AB9-4B65-8781-9712C9C485FA}.Debug|Any CPU.Build.0 = Debug|Any CPU
		{32ECB7B4-6AB9-4B65-8781-9712C9C485FA}.Release|Any CPU.ActiveCfg = Release|Any CPU
		{32ECB7B4-6AB9-4B65-8781-9712C9C485FA}.Release|Any CPU.Build.0 = Release|Any CPU
		{B9DFF54B-B313-4CBA-9FE7-6C478D0E9362}.Debug|Any CPU.ActiveCfg = Debug|Any CPU
		{B9DFF54B-B313-4CBA-9FE7-6C478D0E9362}.Debug|Any CPU.Build.0 = Debug|Any CPU
		{B9DFF54B-B313-4CBA-9FE7-6C478D0E9362}.Release|Any CPU.ActiveCfg = Release|Any CPU
		{B9DFF54B-B313-4CBA-9FE7-6C478D0E9362}.Release|Any CPU.Build.0 = Release|Any CPU
		{DFB9A877-D7DD-447A-8B43-612EC9055EB1}.Debug|Any CPU.ActiveCfg = Debug|Any CPU
		{DFB9A877-D7DD-447A-8B43-612EC9055EB1}.Debug|Any CPU.Build.0 = Debug|Any CPU
		{DFB9A877-D7DD-447A-8B43-612EC9055EB1}.Release|Any CPU.ActiveCfg = Release|Any CPU
		{DFB9A877-D7DD-447A-8B43-612EC9055EB1}.Release|Any CPU.Build.0 = Release|Any CPU
		{23BC5F8B-449C-48D5-B442-781FF5AD0895}.Debug|Any CPU.ActiveCfg = Debug|Any CPU
		{23BC5F8B-449C-48D5-B442-781FF5AD0895}.Debug|Any CPU.Build.0 = Debug|Any CPU
		{23BC5F8B-449C-48D5-B442-781FF5AD0895}.Release|Any CPU.ActiveCfg = Release|Any CPU
		{23BC5F8B-449C-48D5-B442-781FF5AD0895}.Release|Any CPU.Build.0 = Release|Any CPU
		{BD620F18-F0B6-41C4-8A29-D64271DBB2CB}.Debug|Any CPU.ActiveCfg = Debug|Any CPU
		{BD620F18-F0B6-41C4-8A29-D64271DBB2CB}.Debug|Any CPU.Build.0 = Debug|Any CPU
		{BD620F18-F0B6-41C4-8A29-D64271DBB2CB}.Release|Any CPU.ActiveCfg = Release|Any CPU
		{BD620F18-F0B6-41C4-8A29-D64271DBB2CB}.Release|Any CPU.Build.0 = Release|Any CPU
		{666056D7-D28B-4F80-9361-2E2C98E8DC15}.Debug|Any CPU.ActiveCfg = Debug|Any CPU
		{666056D7-D28B-4F80-9361-2E2C98E8DC15}.Debug|Any CPU.Build.0 = Debug|Any CPU
		{666056D7-D28B-4F80-9361-2E2C98E8DC15}.Release|Any CPU.ActiveCfg = Release|Any CPU
		{666056D7-D28B-4F80-9361-2E2C98E8DC15}.Release|Any CPU.Build.0 = Release|Any CPU
		{7DF9C8F8-85ED-4878-AB06-23CA5D38823A}.Debug|Any CPU.ActiveCfg = Debug|Any CPU
		{7DF9C8F8-85ED-4878-AB06-23CA5D38823A}.Debug|Any CPU.Build.0 = Debug|Any CPU
		{7DF9C8F8-85ED-4878-AB06-23CA5D38823A}.Release|Any CPU.ActiveCfg = Release|Any CPU
		{7DF9C8F8-85ED-4878-AB06-23CA5D38823A}.Release|Any CPU.Build.0 = Release|Any CPU
		{97E063A4-3E1C-420D-AA93-518B1341D8D2}.Debug|Any CPU.ActiveCfg = Debug|Any CPU
		{97E063A4-3E1C-420D-AA93-518B1341D8D2}.Debug|Any CPU.Build.0 = Debug|Any CPU
		{97E063A4-3E1C-420D-AA93-518B1341D8D2}.Release|Any CPU.ActiveCfg = Release|Any CPU
		{97E063A4-3E1C-420D-AA93-518B1341D8D2}.Release|Any CPU.Build.0 = Release|Any CPU
		{B951FF08-7680-4119-A515-A8B30710EB7D}.Debug|Any CPU.ActiveCfg = Debug|Any CPU
		{B951FF08-7680-4119-A515-A8B30710EB7D}.Debug|Any CPU.Build.0 = Debug|Any CPU
		{B951FF08-7680-4119-A515-A8B30710EB7D}.Release|Any CPU.ActiveCfg = Release|Any CPU
		{B951FF08-7680-4119-A515-A8B30710EB7D}.Release|Any CPU.Build.0 = Release|Any CPU
		{B33E88AF-0064-4CA5-B079-4F2AF3B46E48}.Debug|Any CPU.ActiveCfg = Debug|Any CPU
		{B33E88AF-0064-4CA5-B079-4F2AF3B46E48}.Debug|Any CPU.Build.0 = Debug|Any CPU
		{B33E88AF-0064-4CA5-B079-4F2AF3B46E48}.Release|Any CPU.ActiveCfg = Release|Any CPU
		{B33E88AF-0064-4CA5-B079-4F2AF3B46E48}.Release|Any CPU.Build.0 = Release|Any CPU
	EndGlobalSection
	GlobalSection(SolutionProperties) = preSolution
		HideSolutionNode = FALSE
	EndGlobalSection
	GlobalSection(NestedProjects) = preSolution
		{4AAFCC0A-9927-43BB-A70F-A000BF9F5A5B} = {49D929EF-AC15-41CC-B031-B1E070627C7A}
		{32ECB7B4-6AB9-4B65-8781-9712C9C485FA} = {44A08C4C-AE1E-408F-B6C0-AC7689414D5D}
		{B9DFF54B-B313-4CBA-9FE7-6C478D0E9362} = {44A08C4C-AE1E-408F-B6C0-AC7689414D5D}
		{DFB9A877-D7DD-447A-8B43-612EC9055EB1} = {7F7D55D8-EDA3-49BF-B520-E00A99A306EE}
		{23BC5F8B-449C-48D5-B442-781FF5AD0895} = {7F7D55D8-EDA3-49BF-B520-E00A99A306EE}
		{BD620F18-F0B6-41C4-8A29-D64271DBB2CB} = {6B6BC1A8-6323-46F9-8D20-35814B19BA6E}
		{666056D7-D28B-4F80-9361-2E2C98E8DC15} = {E68E4315-7458-4D06-8568-BA9D5D188030}
		{7DF9C8F8-85ED-4878-AB06-23CA5D38823A} = {E68E4315-7458-4D06-8568-BA9D5D188030}
		{97E063A4-3E1C-420D-AA93-518B1341D8D2} = {E68E4315-7458-4D06-8568-BA9D5D188030}
		{B951FF08-7680-4119-A515-A8B30710EB7D} = {E68E4315-7458-4D06-8568-BA9D5D188030}
		{B33E88AF-0064-4CA5-B079-4F2AF3B46E48} = {E68E4315-7458-4D06-8568-BA9D5D188030}
	EndGlobalSection
	GlobalSection(ExtensibilityGlobals) = postSolution
		SolutionGuid = {7B17D50A-D117-4AFB-AD82-5C64993289FC}
	EndGlobalSection
EndGlobal
